
Microsoft Visual Studio Solution File, Format Version 12.00
# Visual Studio Version 17
VisualStudioVersion = 17.4.33213.308
MinimumVisualStudioVersion = 10.0.40219.1
Project("{FAE04EC0-301F-11D3-BF4B-00C04F79EFBC}") = "Test", "Test\Test.csproj", "{1126E194-0A92-4F69-84AB-D7AFF2115E69}"
EndProject
Project("{FAE04EC0-301F-11D3-BF4B-00C04F79EFBC}") = "Format_words_into_a_sentence", "Format_words_into_a_sentence\Format_words_into_a_sentence.csproj", "{A6BCBDC0-5AA7-4226-9D06-7B9A10A9B1DB}"
EndProject
Project("{FAE04EC0-301F-11D3-BF4B-00C04F79EFBC}") = "Mexican_wave", "Mexican_wave\Mexican_wave.csproj", "{01A702D3-05DC-4FBF-B562-088953E7F9F0}"
EndProject
Global
	GlobalSection(SolutionConfigurationPlatforms) = preSolution
		Debug|Any CPU = Debug|Any CPU
		Release|Any CPU = Release|Any CPU
	EndGlobalSection
	GlobalSection(ProjectConfigurationPlatforms) = postSolution
		{1126E194-0A92-4F69-84AB-D7AFF2115E69}.Debug|Any CPU.ActiveCfg = Debug|Any CPU
		{1126E194-0A92-4F69-84AB-D7AFF2115E69}.Debug|Any CPU.Build.0 = Debug|Any CPU
		{1126E194-0A92-4F69-84AB-D7AFF2115E69}.Release|Any CPU.ActiveCfg = Release|Any CPU
		{1126E194-0A92-4F69-84AB-D7AFF2115E69}.Release|Any CPU.Build.0 = Release|Any CPU
		{A6BCBDC0-5AA7-4226-9D06-7B9A10A9B1DB}.Debug|Any CPU.ActiveCfg = Debug|Any CPU
		{A6BCBDC0-5AA7-4226-9D06-7B9A10A9B1DB}.Debug|Any CPU.Build.0 = Debug|Any CPU
		{A6BCBDC0-5AA7-4226-9D06-7B9A10A9B1DB}.Release|Any CPU.ActiveCfg = Release|Any CPU
		{A6BCBDC0-5AA7-4226-9D06-7B9A10A9B1DB}.Release|Any CPU.Build.0 = Release|Any CPU
		{01A702D3-05DC-4FBF-B562-088953E7F9F0}.Debug|Any CPU.ActiveCfg = Debug|Any CPU
		{01A702D3-05DC-4FBF-B562-088953E7F9F0}.Debug|Any CPU.Build.0 = Debug|Any CPU
		{01A702D3-05DC-4FBF-B562-088953E7F9F0}.Release|Any CPU.ActiveCfg = Release|Any CPU
		{01A702D3-05DC-4FBF-B562-088953E7F9F0}.Release|Any CPU.Build.0 = Release|Any CPU
	EndGlobalSection
	GlobalSection(SolutionProperties) = preSolution
		HideSolutionNode = FALSE
	EndGlobalSection
	GlobalSection(ExtensibilityGlobals) = postSolution
		SolutionGuid = {64970004-4716-415A-9AA1-0268A798F557}
	EndGlobalSection
EndGlobal
